
Microsoft Visual Studio Solution File, Format Version 12.00
# Visual Studio Version 17
VisualStudioVersion = 17.11.35327.3
MinimumVisualStudioVersion = 10.0.40219.1
Project("{8BC9CEB8-8B4A-11D0-8D11-00A0C91BC942}") = "laboratory8.2", "laboratory8.2\laboratory8.2.vcxproj", "{80C92E86-277E-4C4E-9392-94661F958A9B}"
EndProject
Project("{8BC9CEB8-8B4A-11D0-8D11-00A0C91BC942}") = "UnitTest8.2", "UnitTest8.2\UnitTest8.2.vcxproj", "{F71E4635-CD5C-4826-BFA6-F22E85516664}"
EndProject
Global
	GlobalSection(SolutionConfigurationPlatforms) = preSolution
		Debug|x64 = Debug|x64
		Debug|x86 = Debug|x86
		Release|x64 = Release|x64
		Release|x86 = Release|x86
	EndGlobalSection
	GlobalSection(ProjectConfigurationPlatforms) = postSolution
		{80C92E86-277E-4C4E-9392-94661F958A9B}.Debug|x64.ActiveCfg = Debug|x64
		{80C92E86-277E-4C4E-9392-94661F958A9B}.Debug|x64.Build.0 = Debug|x64
		{80C92E86-277E-4C4E-9392-94661F958A9B}.Debug|x86.ActiveCfg = Debug|Win32
		{80C92E86-277E-4C4E-9392-94661F958A9B}.Debug|x86.Build.0 = Debug|Win32
		{80C92E86-277E-4C4E-9392-94661F958A9B}.Release|x64.ActiveCfg = Release|x64
		{80C92E86-277E-4C4E-9392-94661F958A9B}.Release|x64.Build.0 = Release|x64
		{80C92E86-277E-4C4E-9392-94661F958A9B}.Release|x86.ActiveCfg = Release|Win32
		{80C92E86-277E-4C4E-9392-94661F958A9B}.Release|x86.Build.0 = Release|Win32
		{F71E4635-CD5C-4826-BFA6-F22E85516664}.Debug|x64.ActiveCfg = Debug|x64
		{F71E4635-CD5C-4826-BFA6-F22E85516664}.Debug|x64.Build.0 = Debug|x64
		{F71E4635-CD5C-4826-BFA6-F22E85516664}.Debug|x86.ActiveCfg = Debug|Win32
		{F71E4635-CD5C-4826-BFA6-F22E85516664}.Debug|x86.Build.0 = Debug|Win32
		{F71E4635-CD5C-4826-BFA6-F22E85516664}.Release|x64.ActiveCfg = Release|x64
		{F71E4635-CD5C-4826-BFA6-F22E85516664}.Release|x64.Build.0 = Release|x64
		{F71E4635-CD5C-4826-BFA6-F22E85516664}.Release|x86.ActiveCfg = Release|Win32
		{F71E4635-CD5C-4826-BFA6-F22E85516664}.Release|x86.Build.0 = Release|Win32
	EndGlobalSection
	GlobalSection(SolutionProperties) = preSolution
		HideSolutionNode = FALSE
	EndGlobalSection
	GlobalSection(ExtensibilityGlobals) = postSolution
		SolutionGuid = {B44E970E-BA3E-41BA-94DF-6BAB74DB4D1F}
	EndGlobalSection
EndGlobal
